
Microsoft Visual Studio Solution File, Format Version 12.00
# Visual Studio Version 16
VisualStudioVersion = 16.0.31019.35
MinimumVisualStudioVersion = 10.0.40219.1
Project("{9A19103F-16F7-4668-BE54-9A1E7A4F7556}") = "Kaspersky", "Kaspersky\Kaspersky.csproj", "{35AEC21A-2AAF-4C2E-8FED-19B53589A54B}"
EndProject
Project("{FAE04EC0-301F-11D3-BF4B-00C04F79EFBC}") = "KasperskyTests", "KasperskyTests\KasperskyTests.csproj", "{0127B02D-7EA7-4E4F-8410-B231AFB33B73}"
EndProject
Global
	GlobalSection(SolutionConfigurationPlatforms) = preSolution
		Debug|Any CPU = Debug|Any CPU
		Release|Any CPU = Release|Any CPU
	EndGlobalSection
	GlobalSection(ProjectConfigurationPlatforms) = postSolution
		{35AEC21A-2AAF-4C2E-8FED-19B53589A54B}.Debug|Any CPU.ActiveCfg = Debug|Any CPU
		{35AEC21A-2AAF-4C2E-8FED-19B53589A54B}.Debug|Any CPU.Build.0 = Debug|Any CPU
		{35AEC21A-2AAF-4C2E-8FED-19B53589A54B}.Release|Any CPU.ActiveCfg = Release|Any CPU
		{35AEC21A-2AAF-4C2E-8FED-19B53589A54B}.Release|Any CPU.Build.0 = Release|Any CPU
		{0127B02D-7EA7-4E4F-8410-B231AFB33B73}.Debug|Any CPU.ActiveCfg = Debug|Any CPU
		{0127B02D-7EA7-4E4F-8410-B231AFB33B73}.Debug|Any CPU.Build.0 = Debug|Any CPU
		{0127B02D-7EA7-4E4F-8410-B231AFB33B73}.Release|Any CPU.ActiveCfg = Release|Any CPU
		{0127B02D-7EA7-4E4F-8410-B231AFB33B73}.Release|Any CPU.Build.0 = Release|Any CPU
	EndGlobalSection
	GlobalSection(SolutionProperties) = preSolution
		HideSolutionNode = FALSE
	EndGlobalSection
	GlobalSection(ExtensibilityGlobals) = postSolution
		SolutionGuid = {214709A2-F901-4BC9-8DC8-A7CD85DF2DBF}
	EndGlobalSection
EndGlobal
